
Microsoft Visual Studio Solution File, Format Version 12.00
# Visual Studio Version 17
VisualStudioVersion = 17.14.36429.23 d17.14
MinimumVisualStudioVersion = 10.0.40219.1
Project("{FAE04EC0-301F-11D3-BF4B-00C04F79EFBC}") = "Beta_web.Api", "Beta_web.Api.csproj", "{DBA8F490-4261-4551-9B77-8DA1898B5AB5}"
EndProject
Global
	GlobalSection(SolutionConfigurationPlatforms) = preSolution
		Debug|Any CPU = Debug|Any CPU
		Release|Any CPU = Release|Any CPU
	EndGlobalSection
	GlobalSection(ProjectConfigurationPlatforms) = postSolution
		{DBA8F490-4261-4551-9B77-8DA1898B5AB5}.Debug|Any CPU.ActiveCfg = Debug|Any CPU
		{DBA8F490-4261-4551-9B77-8DA1898B5AB5}.Debug|Any CPU.Build.0 = Debug|Any CPU
		{DBA8F490-4261-4551-9B77-8DA1898B5AB5}.Release|Any CPU.ActiveCfg = Release|Any CPU
		{DBA8F490-4261-4551-9B77-8DA1898B5AB5}.Release|Any CPU.Build.0 = Release|Any CPU
	EndGlobalSection
	GlobalSection(SolutionProperties) = preSolution
		HideSolutionNode = FALSE
	EndGlobalSection
	GlobalSection(ExtensibilityGlobals) = postSolution
		SolutionGuid = {96E19F1A-753F-44BE-84BA-4D8174FF1ED3}
	EndGlobalSection
EndGlobal
